{
    "_meta": {
        "hash": {
            "sha256": "82dd40a5ee0b5d2c686b972fa0084dc3df14c5761a45d138413bb2361941d539"
        },
        "pipfile-spec": 6,
        "requires": {
            "python_version": "3.10"
        },
        "sources": [
            {
                "name": "pypi",
                "url": "https://pypi.org/simple",
                "verify_ssl": true
            }
        ]
    },
    "default": {
        "cachetools": {
            "hashes": [
                "sha256:6a94c6402995a99c3970cc7e4884bb60b4a8639938157eeed436098bf9831757",
                "sha256:f9f17d2aec496a9aa6b76f53e3b614c965223c061982d434d160f930c698a9db"
            ],
            "markers": "python_version ~= '3.7'",
            "version": "==5.2.0"
        },
        "certifi": {
            "hashes": [
                "sha256:84c85a9078b11105f04f3036a9482ae10e4621616db313fe045dd24743a0820d",
                "sha256:fe86415d55e84719d75f8b69414f6438ac3547d2078ab91b67e779ef69378412"
            ],
            "markers": "python_version >= '3.6'",
            "version": "==2022.6.15"
        },
        "charset-normalizer": {
            "hashes": [
                "sha256:5a3d016c7c547f69d6f81fb0db9449ce888b418b5b9952cc5e6e66843e9dd845",
                "sha256:83e9a75d1911279afd89352c68b45348559d1fc0506b054b346651b5e7fee29f"
            ],
            "markers": "python_version >= '3.6'",
            "version": "==2.1.1"
        },
        "google-api-core": {
            "extras": [
                "grpc"
            ],
            "hashes": [
                "sha256:06f7244c640322b508b125903bb5701bebabce8832f85aba9335ec00b3d02edc",
                "sha256:93c6a91ccac79079ac6bbf8b74ee75db970cc899278b97d53bc012f35908cf50"
            ],
            "markers": "python_version >= '3.6'",
            "version": "==2.8.2"
        },
        "google-auth": {
            "hashes": [
                "sha256:be62acaae38d0049c21ca90f27a23847245c9f161ff54ede13af2cb6afecbac9",
                "sha256:ed65ecf9f681832298e29328e1ef0a3676e3732b2e56f41532d45f70a22de0fb"
            ],
            "markers": "python_version >= '2.7' and python_version not in '3.0, 3.1, 3.2, 3.3, 3.4, 3.5'",
            "version": "==2.11.0"
        },
        "google-cloud-vision": {
            "hashes": [
                "sha256:5fc611dad4c481c61e37a8f855f5dae00694fae45bc5a6d643275cd1461715b2",
                "sha256:dad3792820cedef8ed8271a503e4bb33b3a227cbf217586f3d993a1e0255ec7f"
            ],
            "index": "pypi",
            "version": "==3.1.1"
        },
        "googleapis-common-protos": {
            "hashes": [
                "sha256:8eb2cbc91b69feaf23e32452a7ae60e791e09967d81d4fcc7fc388182d1bd394",
                "sha256:c25873c47279387cfdcbdafa36149887901d36202cb645a0e4f29686bf6e4417"
            ],
            "markers": "python_version >= '3.7'",
            "version": "==1.56.4"
        },
        "grpcio": {
            "hashes": [
                "sha256:0425b5577be202d0a4024536bbccb1b052c47e0766096e6c3a5789ddfd5f400d",
                "sha256:06c0739dff9e723bca28ec22301f3711d85c2e652d1c8ae938aa0f7ad632ef9a",
                "sha256:08307dc5a6ac4da03146d6c00f62319e0665b01c6ffe805cfcaa955c17253f9c",
                "sha256:090dfa19f41efcbe760ae59b34da4304d4be9a59960c9682b7eab7e0b6748a79",
                "sha256:0a24b50810aae90c74bbd901c3f175b9645802d2fbf03eadaf418ddee4c26668",
                "sha256:0cd44d78f302ff67f11a8c49b786c7ccbed2cfef6f4fd7bb0c3dc9255415f8f7",
                "sha256:0d8a7f3eb6f290189f48223a5f4464c99619a9de34200ce80d5092fb268323d2",
                "sha256:14d2bc74218986e5edf5527e870b0969d63601911994ebf0dce96288548cf0ef",
                "sha256:1bb9afa85e797a646bfcd785309e869e80a375c959b11a17c9680abebacc0cb0",
                "sha256:1ec63bbd09586e5cda1bdc832ae6975d2526d04433a764a1cc866caa399e50d4",
                "sha256:2061dbe41e43b0a5e1fd423e8a7fb3a0cf11d69ce22d0fac21f1a8c704640b12",
                "sha256:324e363bad4d89a8ec7124013371f268d43afd0ac0fdeec1b21c1a101eb7dafb",
                "sha256:35dfd981b03a3ec842671d1694fe437ee9f7b9e6a02792157a2793b0eba4f478",
                "sha256:43857d06b2473b640467467f8f553319b5e819e54be14c86324dad83a0547818",
                "sha256:4706c78b0c183dca815bbb4ef3e8dd2136ccc8d1699f62c585e75e211ad388f6",
                "sha256:4d9ad7122f60157454f74a850d1337ba135146cef6fb7956d78c7194d52db0fe",
                "sha256:544da3458d1d249bb8aed5504adf3e194a931e212017934bf7bfa774dad37fb3",
                "sha256:55782a31ec539f15b34ee56f19131fe1430f38a4be022eb30c85e0b0dcf57f11",
                "sha256:55cd8b13c5ef22003889f599b8f2930836c6f71cd7cf3fc0196633813dc4f928",
                "sha256:5dbba95fab9b35957b4977b8904fc1fa56b302f9051eff4d7716ebb0c087f801",
                "sha256:5f57b9b61c22537623a5577bf5f2f970dc4e50fac5391090114c6eb3ab5a129f",
                "sha256:64e097dd08bb408afeeaee9a56f75311c9ca5b27b8b0278279dc8eef85fa1051",
                "sha256:664a270d3eac68183ad049665b0f4d0262ec387d5c08c0108dbcfe5b351a8b4d",
                "sha256:668350ea02af018ca945bd629754d47126b366d981ab88e0369b53bc781ffb14",
                "sha256:67cd275a651532d28620eef677b97164a5438c5afcfd44b15e8992afa9eb598c",
                "sha256:68b5e47fcca8481f36ef444842801928e60e30a5b3852c9f4a95f2582d10dcb2",
                "sha256:7191ffc8bcf8a630c547287ab103e1fdf72b2e0c119e634d8a36055c1d988ad0",
                "sha256:815089435d0f113719eabf105832e4c4fa1726b39ae3fb2ca7861752b0f70570",
                "sha256:8dbef03853a0dbe457417c5469cb0f9d5bf47401b49d50c7dad3c495663b699b",
                "sha256:91cd292373e85a52c897fa5b4768c895e20a7dc3423449c64f0f96388dd1812e",
                "sha256:9298d6f2a81f132f72a7e79cbc90a511fffacc75045c2b10050bb87b86c8353d",
                "sha256:96cff5a2081db82fb710db6a19dd8f904bdebb927727aaf4d9c427984b79a4c1",
                "sha256:9e63e0619a5627edb7a5eb3e9568b9f97e604856ba228cc1d8a9f83ce3d0466e",
                "sha256:a278d02272214ec33f046864a24b5f5aab7f60f855de38c525e5b4ef61ec5b48",
                "sha256:a6b2432ac2353c80a56d9015dfc5c4af60245c719628d4193ecd75ddf9cd248c",
                "sha256:b821403907e865e8377af3eee62f0cb233ea2369ba0fcdce9505ca5bfaf4eeb3",
                "sha256:b88bec3f94a16411a1e0336eb69f335f58229e45d4082b12d8e554cedea97586",
                "sha256:bfdb8af4801d1c31a18d54b37f4e49bb268d1f485ecf47f70e78d56e04ff37a7",
                "sha256:c79996ae64dc4d8730782dff0d1daacc8ce7d4c2ba9cef83b6f469f73c0655ce",
                "sha256:cc34d182c4fd64b6ff8304a606b95e814e4f8ed4b245b6d6cc9607690e3ef201",
                "sha256:d0d481ff55ea6cc49dab2c8276597bd4f1a84a8745fedb4bc23e12e9fb9d0e45",
                "sha256:e9723784cf264697024778dcf4b7542c851fe14b14681d6268fb984a53f76df1",
                "sha256:f4508e8abd67ebcccd0fbde6e2b1917ba5d153f3f20c1de385abd8722545e05f",
                "sha256:f515782b168a4ec6ea241add845ccfebe187fc7b09adf892b3ad9e2592c60af1",
                "sha256:f89de64d9eb3478b188859214752db50c91a749479011abd99e248550371375f",
                "sha256:fcd5d932842df503eb0bf60f9cc35e6fe732b51f499e78b45234e0be41b0018d"
            ],
            "version": "==1.47.0"
        },
        "grpcio-status": {
            "hashes": [
                "sha256:2154fdb8aad20452488712be6879657b508115ca06139fde8897ea8e9bc79367",
                "sha256:c9ce3213e84c6fd8801c31aca3ea4a6b3453eaa40b93a6c0a23ea8999808fa00"
            ],
            "version": "==1.47.0"
        },
        "idna": {
            "hashes": [
                "sha256:84d9dd047ffa80596e0f246e2eab0b391788b0503584e8945f2368256d2735ff",
                "sha256:9d643ff0a55b762d5cdb124b8eaa99c66322e2157b69160bc32796e824360e6d"
            ],
            "markers": "python_version >= '3.5'",
            "version": "==3.3"
        },
        "numpy": {
            "hashes": [
                "sha256:17e5226674f6ea79e14e3b91bfbc153fdf3ac13f5cc54ee7bc8fdbe820a32da0",
                "sha256:2bd879d3ca4b6f39b7770829f73278b7c5e248c91d538aab1e506c628353e47f",
                "sha256:4f41f5bf20d9a521f8cab3a34557cd77b6f205ab2116651f12959714494268b0",
                "sha256:5593f67e66dea4e237f5af998d31a43e447786b2154ba1ad833676c788f37cde",
                "sha256:5e28cd64624dc2354a349152599e55308eb6ca95a13ce6a7d5679ebff2962913",
                "sha256:633679a472934b1c20a12ed0c9a6c9eb167fbb4cb89031939bfd03dd9dbc62b8",
                "sha256:806970e69106556d1dd200e26647e9bee5e2b3f1814f9da104a943e8d548ca38",
                "sha256:806cc25d5c43e240db709875e947076b2826f47c2c340a5a2f36da5bb10c58d6",
                "sha256:8247f01c4721479e482cc2f9f7d973f3f47810cbc8c65e38fd1bbd3141cc9842",
                "sha256:8ebf7e194b89bc66b78475bd3624d92980fca4e5bb86dda08d677d786fefc414",
                "sha256:8ecb818231afe5f0f568c81f12ce50f2b828ff2b27487520d85eb44c71313b9e",
                "sha256:8f9d84a24889ebb4c641a9b99e54adb8cab50972f0166a3abc14c3b93163f074",
                "sha256:909c56c4d4341ec8315291a105169d8aae732cfb4c250fbc375a1efb7a844f8f",
                "sha256:9b83d48e464f393d46e8dd8171687394d39bc5abfe2978896b77dc2604e8635d",
                "sha256:ac987b35df8c2a2eab495ee206658117e9ce867acf3ccb376a19e83070e69418",
                "sha256:b78d00e48261fbbd04aa0d7427cf78d18401ee0abd89c7559bbf422e5b1c7d01",
                "sha256:b8b97a8a87cadcd3f94659b4ef6ec056261fa1e1c3317f4193ac231d4df70215",
                "sha256:bd5b7ccae24e3d8501ee5563e82febc1771e73bd268eef82a1e8d2b4d556ae66",
                "sha256:bdc02c0235b261925102b1bd586579b7158e9d0d07ecb61148a1799214a4afd5",
                "sha256:be6b350dfbc7f708d9d853663772a9310783ea58f6035eec649fb9c4371b5389",
                "sha256:c403c81bb8ffb1c993d0165a11493fd4bf1353d258f6997b3ee288b0a48fce77",
                "sha256:cf8c6aed12a935abf2e290860af8e77b26a042eb7f2582ff83dc7ed5f963340c",
                "sha256:d98addfd3c8728ee8b2c49126f3c44c703e2b005d4a95998e2167af176a9e722",
                "sha256:dc76bca1ca98f4b122114435f83f1fcf3c0fe48e4e6f660e07996abf2f53903c",
                "sha256:dec198619b7dbd6db58603cd256e092bcadef22a796f778bf87f8592b468441d",
                "sha256:df28dda02c9328e122661f399f7655cdcbcf22ea42daa3650a26bce08a187450",
                "sha256:e603ca1fb47b913942f3e660a15e55a9ebca906857edfea476ae5f0fe9b457d5",
                "sha256:ecfdd68d334a6b97472ed032b5b37a30d8217c097acfff15e8452c710e775524"
            ],
            "markers": "python_version >= '3.9'",
            "version": "==1.23.2"
        },
        "opencv-python": {
            "hashes": [
                "sha256:0dc82a3d8630c099d2f3ac1b1aabee164e8188db54a786abb7a4e27eba309440",
                "sha256:5af8ba35a4fcb8913ffb86e92403e9a656a4bff4a645d196987468f0f8947875",
                "sha256:6e32af22e3202748bd233ed8f538741876191863882eba44e332d1a34993165b",
                "sha256:c5bfae41ad4031e66bb10ec4a0a2ffd3e514d092652781e8b1ac98d1b59f1158",
                "sha256:dbdc84a9b4ea2cbae33861652d25093944b9959279200b7ae0badd32439f74de",
                "sha256:e6e448b62afc95c5b58f97e87ef84699e6607fe5c58730a03301c52496005cae",
                "sha256:f482e78de6e7b0b060ff994ffd859bddc3f7f382bb2019ef157b0ea8ca8712f5"
            ],
            "index": "pypi",
            "version": "==4.6.0.66"
        },
        "proto-plus": {
            "hashes": [
                "sha256:a27192d8cdc54e044f137b4c9053c9108cf5c065b46d067f1bcd389a911faf5b",
                "sha256:c2e6693fdf68c405a6428226915a8625d21d0513793598ae3287a1210478d8ec"
            ],
            "markers": "python_version >= '3.6'",
            "version": "==1.22.0"
        },
        "protobuf": {
            "hashes": [
                "sha256:011c0f267e85f5d73750b6c25f0155d5db1e9443cd3590ab669a6221dd8fcdb0",
                "sha256:3ec6f5b37935406bb9df9b277e79f8ed81d697146e07ef2ba8a5a272fb24b2c9",
                "sha256:5310cbe761e87f0c1decce019d23f2101521d4dfff46034f8a12a53546036ec7",
                "sha256:5e0b272217aad8971763960238c1a1e6a65d50ef7824e23300da97569a251c55",
                "sha256:5e0ce02418ef03d7657a420ae8fd6fec4995ac713a3cb09164e95f694dbcf085",
                "sha256:5eb0724615e90075f1d763983e708e1cef08e66b1891d8b8b6c33bc3b2f1a02b",
                "sha256:7b6f22463e2d1053d03058b7b4ceca6e4ed4c14f8c286c32824df751137bf8e7",
                "sha256:a7faa62b183d6a928e3daffd06af843b4287d16ef6e40f331575ecd236a7974d",
                "sha256:b04484d6f42f48c57dd2737a72692f4c6987529cdd148fb5b8e5f616862a2e37",
                "sha256:b52e7a522911a40445a5f588bd5b5e584291bfc5545e09b7060685e4b2ff814f",
                "sha256:bf711b451212dc5b0fa45ae7dada07d8e71a4b0ff0bc8e4783ee145f47ac4f82",
                "sha256:e5c5a2886ae48d22a9d32fbb9b6636a089af3cd26b706750258ce1ca96cc0116",
                "sha256:eb1106e87e095628e96884a877a51cdb90087106ee693925ec0a300468a9be3a",
                "sha256:ee04f5823ed98bb9a8c3b1dc503c49515e0172650875c3f76e225b223793a1f2"
            ],
            "markers": "python_version >= '3.7'",
            "version": "==4.21.5"
        },
        "pyasn1": {
            "hashes": [
                "sha256:014c0e9976956a08139dc0712ae195324a75e142284d5f87f1a87ee1b068a359",
                "sha256:03840c999ba71680a131cfaee6fab142e1ed9bbd9c693e285cc6aca0d555e576",
                "sha256:0458773cfe65b153891ac249bcf1b5f8f320b7c2ce462151f8fa74de8934becf",
                "sha256:08c3c53b75eaa48d71cf8c710312316392ed40899cb34710d092e96745a358b7",
                "sha256:39c7e2ec30515947ff4e87fb6f456dfc6e84857d34be479c9d4a4ba4bf46aa5d",
                "sha256:5c9414dcfede6e441f7e8f81b43b34e834731003427e5b09e4e00e3172a10f00",
                "sha256:6e7545f1a61025a4e58bb336952c5061697da694db1cae97b116e9c46abcf7c8",
                "sha256:78fa6da68ed2727915c4767bb386ab32cdba863caa7dbe473eaae45f9959da86",
                "sha256:7ab8a544af125fb704feadb008c99a88805126fb525280b2270bb25cc1d78a12",
                "sha256:99fcc3c8d804d1bc6d9a099921e39d827026409a58f2a720dcdb89374ea0c776",
                "sha256:aef77c9fb94a3ac588e87841208bdec464471d9871bd5050a287cc9a475cd0ba",
                "sha256:e89bf84b5437b532b0803ba5c9a5e054d21fec423a89952a74f87fa2c9b7bce2",
                "sha256:fec3e9d8e36808a28efb59b489e4528c10ad0f480e57dcc32b4de5c9d8c9fdf3"
            ],
            "version": "==0.4.8"
        },
        "pyasn1-modules": {
            "hashes": [
                "sha256:0845a5582f6a02bb3e1bde9ecfc4bfcae6ec3210dd270522fee602365430c3f8",
                "sha256:0fe1b68d1e486a1ed5473f1302bd991c1611d319bba158e98b106ff86e1d7199",
                "sha256:15b7c67fabc7fc240d87fb9aabf999cf82311a6d6fb2c70d00d3d0604878c811",
                "sha256:426edb7a5e8879f1ec54a1864f16b882c2837bfd06eee62f2c982315ee2473ed",
                "sha256:65cebbaffc913f4fe9e4808735c95ea22d7a7775646ab690518c056784bc21b4",
                "sha256:905f84c712230b2c592c19470d3ca8d552de726050d1d1716282a1f6146be65e",
                "sha256:a50b808ffeb97cb3601dd25981f6b016cbb3d31fbf57a8b8a87428e6158d0c74",
                "sha256:a99324196732f53093a84c4369c996713eb8c89d360a496b599fb1a9c47fc3eb",
                "sha256:b80486a6c77252ea3a3e9b1e360bc9cf28eaac41263d173c032581ad2f20fe45",
                "sha256:c29a5e5cc7a3f05926aff34e097e84f8589cd790ce0ed41b67aed6857b26aafd",
                "sha256:cbac4bc38d117f2a49aeedec4407d23e8866ea4ac27ff2cf7fb3e5b570df19e0",
                "sha256:f39edd8c4ecaa4556e989147ebf219227e2cd2e8a43c7e7fcb1f1c18c5fd6a3d",
                "sha256:fe0644d9ab041506b62782e92b06b8c68cca799e1a9636ec398675459e031405"
            ],
            "version": "==0.2.8"
        },
        "requests": {
            "hashes": [
                "sha256:7c5599b102feddaa661c826c56ab4fee28bfd17f5abca1ebbe3e7f19d7c97983",
                "sha256:8fefa2a1a1365bf5520aac41836fbee479da67864514bdb821f31ce07ce65349"
            ],
            "markers": "python_version >= '3.7' and python_version < '4'",
            "version": "==2.28.1"
        },
        "rsa": {
            "hashes": [
                "sha256:90260d9058e514786967344d0ef75fa8727eed8a7d2e43ce9f4bcf1b536174f7",
                "sha256:e38464a49c6c85d7f1351b0126661487a7e0a14a50f1675ec50eb34d4f20ef21"
            ],
            "markers": "python_version >= '3.6'",
            "version": "==4.9"
        },
        "six": {
            "hashes": [
                "sha256:1e61c37477a1626458e36f7b1d82aa5c9b094fa4802892072e49de9c60c4c926",
                "sha256:8abb2f1d86890a2dfb989f9a77cfcfd3e47c2a354b01111771326f8aa26e0254"
            ],
            "markers": "python_version >= '2.7' and python_version not in '3.0, 3.1, 3.2, 3.3'",
            "version": "==1.16.0"
        },
        "urllib3": {
            "hashes": [
                "sha256:3fa96cf423e6987997fc326ae8df396db2a8b7c667747d47ddd8ecba91f4a74e",
                "sha256:b930dd878d5a8afb066a637fbb35144fe7901e3b209d1cd4f524bd0e9deee997"
            ],
            "markers": "python_version >= '2.7' and python_version not in '3.0, 3.1, 3.2, 3.3, 3.4, 3.5' and python_version < '4'",
            "version": "==1.26.12"
        }
    },
    "develop": {}
}
